{
  "version": 4,
  "terraform_version": "0.12.21",
  "serial": 158,
  "lineage": "7b2eaaf7-2605-5cd3-5d4e-b75078219aab",
  "outputs": {},
  "resources": [
    {
      "module": "module.eks-cluster",
      "mode": "data",
      "type": "aws_ami",
      "name": "eks_worker",
      "provider": "provider.aws",
      "instances": [
        {
          "schema_version": 0,
          "attributes": {
            "architecture": "x86_64",
            "block_device_mappings": [
              {
                "device_name": "/dev/xvda",
                "ebs": {
                  "delete_on_termination": "true",
                  "encrypted": "false",
                  "iops": "0",
                  "snapshot_id": "snap-09673bed7cf97633d",
                  "volume_size": "20",
                  "volume_type": "gp2"
                },
                "no_device": "",
                "virtual_name": ""
              }
            ],
            "creation_date": "2020-02-13T01:38:46.000Z",
            "description": "EKS Kubernetes Worker AMI with AmazonLinux2 image, (k8s: 1.14.9, docker:18.09.9ce-2.amzn2)",
            "executable_users": null,
            "filter": [
              {
                "name": "name",
                "values": [
                  "amazon-eks-node-1.14-v*"
                ]
              }
            ],
            "hypervisor": "xen",
            "id": "ami-074f0e3f73e526e8c",
            "image_id": "ami-074f0e3f73e526e8c",
            "image_location": "amazon/amazon-eks-node-1.14-v20200122",
            "image_owner_alias": "amazon",
            "image_type": "machine",
            "kernel_id": null,
            "most_recent": true,
            "name": "amazon-eks-node-1.14-v20200122",
            "name_regex": null,
            "owner_id": "602401143452",
            "owners": [
              "602401143452"
            ],
            "platform": null,
            "product_codes": [],
            "public": true,
            "ramdisk_id": null,
            "root_device_name": "/dev/xvda",
            "root_device_type": "ebs",
            "root_snapshot_id": "snap-09673bed7cf97633d",
            "sriov_net_support": "simple",
            "state": "available",
            "state_reason": {
              "code": "UNSET",
              "message": "UNSET"
            },
            "tags": {},
            "virtualization_type": "hvm"
          }
        }
      ]
    },
    {
      "module": "module.eks-cluster",
      "mode": "data",
      "type": "aws_ami",
      "name": "eks_worker_windows",
      "provider": "provider.aws",
      "instances": [
        {
          "schema_version": 0,
          "attributes": {
            "architecture": "x86_64",
            "block_device_mappings": [
              {
                "device_name": "/dev/sda1",
                "ebs": {
                  "delete_on_termination": "true",
                  "encrypted": "false",
                  "iops": "0",
                  "snapshot_id": "snap-030114e26a7370f64",
                  "volume_size": "50",
                  "volume_type": "gp2"
                },
                "no_device": "",
                "virtual_name": ""
              },
              {
                "device_name": "xvdca",
                "ebs": {},
                "no_device": "",
                "virtual_name": "ephemeral0"
              },
              {
                "device_name": "xvdcb",
                "ebs": {},
                "no_device": "",
                "virtual_name": "ephemeral1"
              },
              {
                "device_name": "xvdcc",
                "ebs": {},
                "no_device": "",
                "virtual_name": "ephemeral2"
              },
              {
                "device_name": "xvdcd",
                "ebs": {},
                "no_device": "",
                "virtual_name": "ephemeral3"
              },
              {
                "device_name": "xvdce",
                "ebs": {},
                "no_device": "",
                "virtual_name": "ephemeral4"
              },
              {
                "device_name": "xvdcf",
                "ebs": {},
                "no_device": "",
                "virtual_name": "ephemeral5"
              },
              {
                "device_name": "xvdcg",
                "ebs": {},
                "no_device": "",
                "virtual_name": "ephemeral6"
              },
              {
                "device_name": "xvdch",
                "ebs": {},
                "no_device": "",
                "virtual_name": "ephemeral7"
              },
              {
                "device_name": "xvdci",
                "ebs": {},
                "no_device": "",
                "virtual_name": "ephemeral8"
              },
              {
                "device_name": "xvdcj",
                "ebs": {},
                "no_device": "",
                "virtual_name": "ephemeral9"
              },
              {
                "device_name": "xvdck",
                "ebs": {},
                "no_device": "",
                "virtual_name": "ephemeral10"
              },
              {
                "device_name": "xvdcl",
                "ebs": {},
                "no_device": "",
                "virtual_name": "ephemeral11"
              },
              {
                "device_name": "xvdcm",
                "ebs": {},
                "no_device": "",
                "virtual_name": "ephemeral12"
              },
              {
                "device_name": "xvdcn",
                "ebs": {},
                "no_device": "",
                "virtual_name": "ephemeral13"
              },
              {
                "device_name": "xvdco",
                "ebs": {},
                "no_device": "",
                "virtual_name": "ephemeral14"
              },
              {
                "device_name": "xvdcp",
                "ebs": {},
                "no_device": "",
                "virtual_name": "ephemeral15"
              },
              {
                "device_name": "xvdcq",
                "ebs": {},
                "no_device": "",
                "virtual_name": "ephemeral16"
              },
              {
                "device_name": "xvdcr",
                "ebs": {},
                "no_device": "",
                "virtual_name": "ephemeral17"
              },
              {
                "device_name": "xvdcs",
                "ebs": {},
                "no_device": "",
                "virtual_name": "ephemeral18"
              },
              {
                "device_name": "xvdct",
                "ebs": {},
                "no_device": "",
                "virtual_name": "ephemeral19"
              },
              {
                "device_name": "xvdcu",
                "ebs": {},
                "no_device": "",
                "virtual_name": "ephemeral20"
              },
              {
                "device_name": "xvdcv",
                "ebs": {},
                "no_device": "",
                "virtual_name": "ephemeral21"
              },
              {
                "device_name": "xvdcw",
                "ebs": {},
                "no_device": "",
                "virtual_name": "ephemeral22"
              },
              {
                "device_name": "xvdcx",
                "ebs": {},
                "no_device": "",
                "virtual_name": "ephemeral23"
              },
              {
                "device_name": "xvdcy",
                "ebs": {},
                "no_device": "",
                "virtual_name": "ephemeral24"
              },
              {
                "device_name": "xvdcz",
                "ebs": {},
                "no_device": "",
                "virtual_name": "ephemeral25"
              }
            ],
            "creation_date": "2020-01-15T08:19:15.000Z",
            "description": "Microsoft Windows Server 2019 Core optimized for EKS and provided by Amazon",
            "executable_users": null,
            "filter": [
              {
                "name": "name",
                "values": [
                  "Windows_Server-2019-English-Core-EKS_Optimized-1.14-*"
                ]
              },
              {
                "name": "platform",
                "values": [
                  "windows"
                ]
              }
            ],
            "hypervisor": "xen",
            "id": "ami-0a04e85b14503debe",
            "image_id": "ami-0a04e85b14503debe",
            "image_location": "amazon/Windows_Server-2019-English-Core-EKS_Optimized-1.14-2020.01.15",
            "image_owner_alias": "amazon",
            "image_type": "machine",
            "kernel_id": null,
            "most_recent": true,
            "name": "Windows_Server-2019-English-Core-EKS_Optimized-1.14-2020.01.15",
            "name_regex": null,
            "owner_id": "801119661308",
            "owners": [
              "801119661308"
            ],
            "platform": "windows",
            "product_codes": [],
            "public": true,
            "ramdisk_id": null,
            "root_device_name": "/dev/sda1",
            "root_device_type": "ebs",
            "root_snapshot_id": "snap-030114e26a7370f64",
            "sriov_net_support": "simple",
            "state": "available",
            "state_reason": {
              "code": "UNSET",
              "message": "UNSET"
            },
            "tags": {},
            "virtualization_type": "hvm"
          }
        }
      ]
    },
    {
      "module": "module.eks-cluster",
      "mode": "data",
      "type": "aws_caller_identity",
      "name": "current",
      "provider": "provider.aws",
      "instances": [
        {
          "schema_version": 0,
          "attributes": {
            "account_id": "100949062396",
            "arn": "arn:aws:iam::100949062396:user/irtiza",
            "id": "2020-03-03 07:10:01.04235009 +0000 UTC",
            "user_id": "AIDARPAIIOL6MHCGGGBYP"
          }
        }
      ]
    },
    {
      "module": "module.eks-cluster",
      "mode": "data",
      "type": "aws_iam_instance_profile",
      "name": "custom_worker_group_iam_instance_profile",
      "each": "list",
      "provider": "provider.aws",
      "instances": []
    },
    {
      "module": "module.eks-cluster",
      "mode": "data",
      "type": "aws_iam_instance_profile",
      "name": "custom_worker_group_launch_template_iam_instance_profile",
      "each": "list",
      "provider": "provider.aws",
      "instances": []
    },
    {
      "module": "module.eks-cluster",
      "mode": "data",
      "type": "aws_iam_policy_document",
      "name": "cluster_assume_role_policy",
      "provider": "provider.aws",
      "instances": [
        {
          "schema_version": 0,
          "attributes": {
            "id": "2764486067",
            "json": "{\n  \"Version\": \"2012-10-17\",\n  \"Statement\": [\n    {\n      \"Sid\": \"EKSClusterAssumeRole\",\n      \"Effect\": \"Allow\",\n      \"Action\": \"sts:AssumeRole\",\n      \"Principal\": {\n        \"Service\": \"eks.amazonaws.com\"\n      }\n    }\n  ]\n}",
            "override_json": null,
            "policy_id": null,
            "source_json": null,
            "statement": [
              {
                "actions": [
                  "sts:AssumeRole"
                ],
                "condition": [],
                "effect": "Allow",
                "not_actions": [],
                "not_principals": [],
                "not_resources": [],
                "principals": [
                  {
                    "identifiers": [
                      "eks.amazonaws.com"
                    ],
                    "type": "Service"
                  }
                ],
                "resources": [],
                "sid": "EKSClusterAssumeRole"
              }
            ],
            "version": "2012-10-17"
          }
        }
      ]
    },
    {
      "module": "module.eks-cluster",
      "mode": "data",
      "type": "aws_iam_policy_document",
      "name": "workers_assume_role_policy",
      "provider": "provider.aws",
      "instances": [
        {
          "schema_version": 0,
          "attributes": {
            "id": "3778018924",
            "json": "{\n  \"Version\": \"2012-10-17\",\n  \"Statement\": [\n    {\n      \"Sid\": \"EKSWorkerAssumeRole\",\n      \"Effect\": \"Allow\",\n      \"Action\": \"sts:AssumeRole\",\n      \"Principal\": {\n        \"Service\": \"ec2.amazonaws.com\"\n      }\n    }\n  ]\n}",
            "override_json": null,
            "policy_id": null,
            "source_json": null,
            "statement": [
              {
                "actions": [
                  "sts:AssumeRole"
                ],
                "condition": [],
                "effect": "Allow",
                "not_actions": [],
                "not_principals": [],
                "not_resources": [],
                "principals": [
                  {
                    "identifiers": [
                      "ec2.amazonaws.com"
                    ],
                    "type": "Service"
                  }
                ],
                "resources": [],
                "sid": "EKSWorkerAssumeRole"
              }
            ],
            "version": "2012-10-17"
          }
        }
      ]
    },
    {
      "module": "module.eks-cluster",
      "mode": "data",
      "type": "aws_iam_role",
      "name": "custom_cluster_iam_role",
      "each": "list",
      "provider": "provider.aws",
      "instances": []
    },
    {
      "module": "module.eks-cluster",
      "mode": "data",
      "type": "null_data_source",
      "name": "node_groups",
      "each": "list",
      "provider": "provider.null",
      "instances": [
        {
          "index_key": 0,
          "schema_version": 0,
          "attributes": {
            "has_computed_default": "default",
            "id": "static",
            "inputs": {
              "aws_auth": "kube-system/aws-auth",
              "cluster_name": "eks-cluster",
              "role_CNI_Policy": "eks-cluster20200303065838889400000005-2020030306584321860000000a",
              "role_Container": "eks-cluster20200303065838889400000005-20200303065843180400000008",
              "role_NodePolicy": "eks-cluster20200303065838889400000005-20200303065843192100000009"
            },
            "outputs": {
              "aws_auth": "kube-system/aws-auth",
              "cluster_name": "eks-cluster",
              "role_CNI_Policy": "eks-cluster20200303065838889400000005-2020030306584321860000000a",
              "role_Container": "eks-cluster20200303065838889400000005-20200303065843180400000008",
              "role_NodePolicy": "eks-cluster20200303065838889400000005-20200303065843192100000009"
            },
            "random": "7252923277432697885"
          }
        }
      ]
    },
    {
      "module": "module.eks-cluster",
      "mode": "data",
      "type": "template_file",
      "name": "aws_authenticator_env_variables",
      "each": "list",
      "provider": "provider.template",
      "instances": []
    },
    {
      "module": "module.eks-cluster",
      "mode": "data",
      "type": "template_file",
      "name": "kubeconfig",
      "each": "list",
      "provider": "provider.template",
      "instances": [
        {
          "index_key": 0,
          "schema_version": 0,
          "attributes": {
            "filename": null,
            "id": "017a0d6dac87cc94f6e3cd272981005528bead479f3a15957b21db2a901c29d3",
            "rendered": "apiVersion: v1\npreferences: {}\nkind: Config\n\nclusters:\n- cluster:\n    server: https://4C615737C0ED79F1835BFD7710DA397A.yl4.us-east-2.eks.amazonaws.com\n    certificate-authority-data: LS0tLS1CRUdJTiBDRVJUSUZJQ0FURS0tLS0tCk1JSUN5RENDQWJDZ0F3SUJBZ0lCQURBTkJna3Foa2lHOXcwQkFRc0ZBREFWTVJNd0VRWURWUVFERXdwcmRXSmwKY201bGRHVnpNQjRYRFRJd01ETXdNekEyTlRVeE0xb1hEVE13TURNd01UQTJOVFV4TTFvd0ZURVRNQkVHQTFVRQpBeE1LYTNWaVpYSnVaWFJsY3pDQ0FTSXdEUVlKS29aSWh2Y05BUUVCQlFBRGdnRVBBRENDQVFvQ2dnRUJBTGk0ClpqWU00Z0lGVGVURGRlRllMMEJjbFQwT05jeHRuT3pNaHJSL2xKSUtIMVQrTE1oRUphUlFvYXpjWnhOb1dyVlUKcFArdjBlNU9nVkpLQVBjb0hHcHcvbXpmQ0lyeTU2aDczalE2VVR2WFBGdkRpZTlKNU1nMXZWcWQrRll3dDNLcgpQcW16MEtxemx5SkRHMHpDNU8vTTVpZ2Z0UXNyMlN1NXA3YVlpZldpUmcveVpJVVFkL1pya1ZOMkYrUFZMcy90Cm5Uc2k4NElYNjRIMUgrUnFOZWRMZG96ZzdxOUN5aGc1UzNUZnNwaGlFMU54K2RvOGFvalF4d3ovNmQ4SWFtNGEKeFNhalZuSFV4MERnMnRWZzR4a3RJT3hwNTlHTnNaOHovc3lyanNOYmhkZ041em10UjRBeUpyR0c1cjFwVDhsMgp4akZzMmdRcG9DMEtYTzdhS3NrQ0F3RUFBYU1qTUNFd0RnWURWUjBQQVFIL0JBUURBZ0trTUE4R0ExVWRFd0VCCi93UUZNQU1CQWY4d0RRWUpLb1pJaHZjTkFRRUxCUUFEZ2dFQkFITm1mQXA4cTErdXljek9vNUVzKzZUTUhqRGwKeUhCQ0JZbVhrdEUxNVNlNXRSRDdxT1pCd3RwY3BVaUtIK3pPZ0NOdFdRY291U3JtenA5NU5RV1hMODZvUVhLKwpJSGp6OG04TUVuaEdlV0ovZ2xzY0kybVdQV0dNc1pody83cEVPNmhPNE5sWVE3Y0hrTU1Ha1JrQVZwb1FrQWVOCjFRZDA3Zlg4aGtiODlnVlhKZ0tVMUpEMUlON3ZuYWlLSUk5ZHVkL0kwSjNVenA2R2tlMTlEN2ZHYitWUklnWnkKckVRUlBRZGs2NGdwMmpNNWVxclFiaklwcjVkTjdqVUZ3S3hHamRZUk5sbDltQzdHZTgyOWF1U29mR1FzNk9UQQpManNmbTlGZmJiSk1pTTl3WnJrdndDNUtKdmoxNGN3dXBYVFhrZnhDa0MyZzFUM0hud0lNbStFMFVsUT0KLS0tLS1FTkQgQ0VSVElGSUNBVEUtLS0tLQo=\n  name: eks_eks-cluster\n\ncontexts:\n- context:\n    cluster: eks_eks-cluster\n    user: eks_eks-cluster\n  name: eks_eks-cluster\n\ncurrent-context: eks_eks-cluster\n\nusers:\n- name: eks_eks-cluster\n  user:\n    exec:\n      apiVersion: client.authentication.k8s.io/v1alpha1\n      command: aws-iam-authenticator\n      args:\n        - \"token\"\n        - \"-i\"\n        - \"eks-cluster\"\n\n\n",
            "template": "apiVersion: v1\npreferences: {}\nkind: Config\n\nclusters:\n- cluster:\n    server: ${endpoint}\n    certificate-authority-data: ${cluster_auth_base64}\n  name: ${kubeconfig_name}\n\ncontexts:\n- context:\n    cluster: ${kubeconfig_name}\n    user: ${kubeconfig_name}\n  name: ${kubeconfig_name}\n\ncurrent-context: ${kubeconfig_name}\n\nusers:\n- name: ${kubeconfig_name}\n  user:\n    exec:\n      apiVersion: client.authentication.k8s.io/v1alpha1\n      command: ${aws_authenticator_command}\n      args:\n${aws_authenticator_command_args}\n${aws_authenticator_additional_args}\n${aws_authenticator_env_variables}\n",
            "vars": {
              "aws_authenticator_additional_args": "",
              "aws_authenticator_command": "aws-iam-authenticator",
              "aws_authenticator_command_args": "        - \"token\"\n        - \"-i\"\n        - \"eks-cluster\"",
              "aws_authenticator_env_variables": "",
              "cluster_auth_base64": "LS0tLS1CRUdJTiBDRVJUSUZJQ0FURS0tLS0tCk1JSUN5RENDQWJDZ0F3SUJBZ0lCQURBTkJna3Foa2lHOXcwQkFRc0ZBREFWTVJNd0VRWURWUVFERXdwcmRXSmwKY201bGRHVnpNQjRYRFRJd01ETXdNekEyTlRVeE0xb1hEVE13TURNd01UQTJOVFV4TTFvd0ZURVRNQkVHQTFVRQpBeE1LYTNWaVpYSnVaWFJsY3pDQ0FTSXdEUVlKS29aSWh2Y05BUUVCQlFBRGdnRVBBRENDQVFvQ2dnRUJBTGk0ClpqWU00Z0lGVGVURGRlRllMMEJjbFQwT05jeHRuT3pNaHJSL2xKSUtIMVQrTE1oRUphUlFvYXpjWnhOb1dyVlUKcFArdjBlNU9nVkpLQVBjb0hHcHcvbXpmQ0lyeTU2aDczalE2VVR2WFBGdkRpZTlKNU1nMXZWcWQrRll3dDNLcgpQcW16MEtxemx5SkRHMHpDNU8vTTVpZ2Z0UXNyMlN1NXA3YVlpZldpUmcveVpJVVFkL1pya1ZOMkYrUFZMcy90Cm5Uc2k4NElYNjRIMUgrUnFOZWRMZG96ZzdxOUN5aGc1UzNUZnNwaGlFMU54K2RvOGFvalF4d3ovNmQ4SWFtNGEKeFNhalZuSFV4MERnMnRWZzR4a3RJT3hwNTlHTnNaOHovc3lyanNOYmhkZ041em10UjRBeUpyR0c1cjFwVDhsMgp4akZzMmdRcG9DMEtYTzdhS3NrQ0F3RUFBYU1qTUNFd0RnWURWUjBQQVFIL0JBUURBZ0trTUE4R0ExVWRFd0VCCi93UUZNQU1CQWY4d0RRWUpLb1pJaHZjTkFRRUxCUUFEZ2dFQkFITm1mQXA4cTErdXljek9vNUVzKzZUTUhqRGwKeUhCQ0JZbVhrdEUxNVNlNXRSRDdxT1pCd3RwY3BVaUtIK3pPZ0NOdFdRY291U3JtenA5NU5RV1hMODZvUVhLKwpJSGp6OG04TUVuaEdlV0ovZ2xzY0kybVdQV0dNc1pody83cEVPNmhPNE5sWVE3Y0hrTU1Ha1JrQVZwb1FrQWVOCjFRZDA3Zlg4aGtiODlnVlhKZ0tVMUpEMUlON3ZuYWlLSUk5ZHVkL0kwSjNVenA2R2tlMTlEN2ZHYitWUklnWnkKckVRUlBRZGs2NGdwMmpNNWVxclFiaklwcjVkTjdqVUZ3S3hHamRZUk5sbDltQzdHZTgyOWF1U29mR1FzNk9UQQpManNmbTlGZmJiSk1pTTl3WnJrdndDNUtKdmoxNGN3dXBYVFhrZnhDa0MyZzFUM0hud0lNbStFMFVsUT0KLS0tLS1FTkQgQ0VSVElGSUNBVEUtLS0tLQo=",
              "endpoint": "https://4C615737C0ED79F1835BFD7710DA397A.yl4.us-east-2.eks.amazonaws.com",
              "kubeconfig_name": "eks_eks-cluster"
            }
          }
        }
      ]
    },
    {
      "module": "module.eks-cluster",
      "mode": "data",
      "type": "template_file",
      "name": "launch_template_userdata",
      "each": "list",
      "provider": "provider.template",
      "instances": []
    },
    {
      "module": "module.eks-cluster",
      "mode": "data",
      "type": "template_file",
      "name": "launch_template_worker_role_arns",
      "each": "list",
      "provider": "provider.template",
      "instances": []
    },
    {
      "module": "module.eks-cluster",
      "mode": "data",
      "type": "template_file",
      "name": "node_group_arns",
      "each": "list",
      "provider": "provider.template",
      "instances": []
    },
    {
      "module": "module.eks-cluster",
      "mode": "data",
      "type": "template_file",
      "name": "userdata",
      "each": "list",
      "provider": "provider.template",
      "instances": [
        {
          "index_key": 0,
          "schema_version": 0,
          "attributes": {
            "filename": null,
            "id": "0d6ea8164a9504c495cba7baa3a596ec01ef019501955c002e5fc8f313ed8418",
            "rendered": "#!/bin/bash -xe\n\n# Allow user supplied pre userdata code\n\n\n# Bootstrap and join the cluster\n/etc/eks/bootstrap.sh --b64-cluster-ca 'LS0tLS1CRUdJTiBDRVJUSUZJQ0FURS0tLS0tCk1JSUN5RENDQWJDZ0F3SUJBZ0lCQURBTkJna3Foa2lHOXcwQkFRc0ZBREFWTVJNd0VRWURWUVFERXdwcmRXSmwKY201bGRHVnpNQjRYRFRJd01ETXdNekEyTlRVeE0xb1hEVE13TURNd01UQTJOVFV4TTFvd0ZURVRNQkVHQTFVRQpBeE1LYTNWaVpYSnVaWFJsY3pDQ0FTSXdEUVlKS29aSWh2Y05BUUVCQlFBRGdnRVBBRENDQVFvQ2dnRUJBTGk0ClpqWU00Z0lGVGVURGRlRllMMEJjbFQwT05jeHRuT3pNaHJSL2xKSUtIMVQrTE1oRUphUlFvYXpjWnhOb1dyVlUKcFArdjBlNU9nVkpLQVBjb0hHcHcvbXpmQ0lyeTU2aDczalE2VVR2WFBGdkRpZTlKNU1nMXZWcWQrRll3dDNLcgpQcW16MEtxemx5SkRHMHpDNU8vTTVpZ2Z0UXNyMlN1NXA3YVlpZldpUmcveVpJVVFkL1pya1ZOMkYrUFZMcy90Cm5Uc2k4NElYNjRIMUgrUnFOZWRMZG96ZzdxOUN5aGc1UzNUZnNwaGlFMU54K2RvOGFvalF4d3ovNmQ4SWFtNGEKeFNhalZuSFV4MERnMnRWZzR4a3RJT3hwNTlHTnNaOHovc3lyanNOYmhkZ041em10UjRBeUpyR0c1cjFwVDhsMgp4akZzMmdRcG9DMEtYTzdhS3NrQ0F3RUFBYU1qTUNFd0RnWURWUjBQQVFIL0JBUURBZ0trTUE4R0ExVWRFd0VCCi93UUZNQU1CQWY4d0RRWUpLb1pJaHZjTkFRRUxCUUFEZ2dFQkFITm1mQXA4cTErdXljek9vNUVzKzZUTUhqRGwKeUhCQ0JZbVhrdEUxNVNlNXRSRDdxT1pCd3RwY3BVaUtIK3pPZ0NOdFdRY291U3JtenA5NU5RV1hMODZvUVhLKwpJSGp6OG04TUVuaEdlV0ovZ2xzY0kybVdQV0dNc1pody83cEVPNmhPNE5sWVE3Y0hrTU1Ha1JrQVZwb1FrQWVOCjFRZDA3Zlg4aGtiODlnVlhKZ0tVMUpEMUlON3ZuYWlLSUk5ZHVkL0kwSjNVenA2R2tlMTlEN2ZHYitWUklnWnkKckVRUlBRZGs2NGdwMmpNNWVxclFiaklwcjVkTjdqVUZ3S3hHamRZUk5sbDltQzdHZTgyOWF1U29mR1FzNk9UQQpManNmbTlGZmJiSk1pTTl3WnJrdndDNUtKdmoxNGN3dXBYVFhrZnhDa0MyZzFUM0hud0lNbStFMFVsUT0KLS0tLS1FTkQgQ0VSVElGSUNBVEUtLS0tLQo=' --apiserver-endpoint 'https://4C615737C0ED79F1835BFD7710DA397A.yl4.us-east-2.eks.amazonaws.com'  --kubelet-extra-args \"\" 'eks-cluster'\n\n# Allow user supplied userdata code\nPublic worker group configurations\n",
            "template": "#!/bin/bash -xe\n\n# Allow user supplied pre userdata code\n${pre_userdata}\n\n# Bootstrap and join the cluster\n/etc/eks/bootstrap.sh --b64-cluster-ca '${cluster_auth_base64}' --apiserver-endpoint '${endpoint}' ${bootstrap_extra_args} --kubelet-extra-args \"${kubelet_extra_args}\" '${cluster_name}'\n\n# Allow user supplied userdata code\n${additional_userdata}\n",
            "vars": {
              "additional_userdata": "Public worker group configurations",
              "bootstrap_extra_args": "",
              "cluster_auth_base64": "LS0tLS1CRUdJTiBDRVJUSUZJQ0FURS0tLS0tCk1JSUN5RENDQWJDZ0F3SUJBZ0lCQURBTkJna3Foa2lHOXcwQkFRc0ZBREFWTVJNd0VRWURWUVFERXdwcmRXSmwKY201bGRHVnpNQjRYRFRJd01ETXdNekEyTlRVeE0xb1hEVE13TURNd01UQTJOVFV4TTFvd0ZURVRNQkVHQTFVRQpBeE1LYTNWaVpYSnVaWFJsY3pDQ0FTSXdEUVlKS29aSWh2Y05BUUVCQlFBRGdnRVBBRENDQVFvQ2dnRUJBTGk0ClpqWU00Z0lGVGVURGRlRllMMEJjbFQwT05jeHRuT3pNaHJSL2xKSUtIMVQrTE1oRUphUlFvYXpjWnhOb1dyVlUKcFArdjBlNU9nVkpLQVBjb0hHcHcvbXpmQ0lyeTU2aDczalE2VVR2WFBGdkRpZTlKNU1nMXZWcWQrRll3dDNLcgpQcW16MEtxemx5SkRHMHpDNU8vTTVpZ2Z0UXNyMlN1NXA3YVlpZldpUmcveVpJVVFkL1pya1ZOMkYrUFZMcy90Cm5Uc2k4NElYNjRIMUgrUnFOZWRMZG96ZzdxOUN5aGc1UzNUZnNwaGlFMU54K2RvOGFvalF4d3ovNmQ4SWFtNGEKeFNhalZuSFV4MERnMnRWZzR4a3RJT3hwNTlHTnNaOHovc3lyanNOYmhkZ041em10UjRBeUpyR0c1cjFwVDhsMgp4akZzMmdRcG9DMEtYTzdhS3NrQ0F3RUFBYU1qTUNFd0RnWURWUjBQQVFIL0JBUURBZ0trTUE4R0ExVWRFd0VCCi93UUZNQU1CQWY4d0RRWUpLb1pJaHZjTkFRRUxCUUFEZ2dFQkFITm1mQXA4cTErdXljek9vNUVzKzZUTUhqRGwKeUhCQ0JZbVhrdEUxNVNlNXRSRDdxT1pCd3RwY3BVaUtIK3pPZ0NOdFdRY291U3JtenA5NU5RV1hMODZvUVhLKwpJSGp6OG04TUVuaEdlV0ovZ2xzY0kybVdQV0dNc1pody83cEVPNmhPNE5sWVE3Y0hrTU1Ha1JrQVZwb1FrQWVOCjFRZDA3Zlg4aGtiODlnVlhKZ0tVMUpEMUlON3ZuYWlLSUk5ZHVkL0kwSjNVenA2R2tlMTlEN2ZHYitWUklnWnkKckVRUlBRZGs2NGdwMmpNNWVxclFiaklwcjVkTjdqVUZ3S3hHamRZUk5sbDltQzdHZTgyOWF1U29mR1FzNk9UQQpManNmbTlGZmJiSk1pTTl3WnJrdndDNUtKdmoxNGN3dXBYVFhrZnhDa0MyZzFUM0hud0lNbStFMFVsUT0KLS0tLS1FTkQgQ0VSVElGSUNBVEUtLS0tLQo=",
              "cluster_name": "eks-cluster",
              "endpoint": "https://4C615737C0ED79F1835BFD7710DA397A.yl4.us-east-2.eks.amazonaws.com",
              "kubelet_extra_args": "",
              "platform": "linux",
              "pre_userdata": ""
            }
          }
        }
      ]
    },
    {
      "module": "module.eks-cluster",
      "mode": "data",
      "type": "template_file",
      "name": "worker_role_arns",
      "each": "list",
      "provider": "provider.template",
      "instances": [
        {
          "index_key": 0,
          "schema_version": 0,
          "attributes": {
            "filename": null,
            "id": "a6e55799e7b664c6accd8a2ff38f513f17744c8019b32df2e49101aac9c85ea4",
            "rendered": "- rolearn: arn:aws:iam::100949062396:role/eks-cluster20200303065838889400000005\n  username: system:node:{{EC2PrivateDNSName}}\n  groups:\n    - system:bootstrappers\n    - system:nodes\n",
            "template": "- rolearn: ${worker_role_arn}\n  username: system:node:{{EC2PrivateDNSName}}\n  groups:\n    - system:bootstrappers\n    - system:nodes\n    %{~ if platform == \"windows\" ~}\n    - eks:kube-proxy-windows\n    %{~ endif ~}\n",
            "vars": {
              "platform": "linux",
              "worker_role_arn": "arn:aws:iam::100949062396:role/eks-cluster20200303065838889400000005"
            }
          }
        }
      ]
    },
    {
      "module": "module.eks-cluster",
      "mode": "managed",
      "type": "aws_autoscaling_group",
      "name": "workers",
      "each": "list",
      "provider": "provider.aws",
      "instances": [
        {
          "index_key": 0,
          "schema_version": 0,
          "attributes": {
            "arn": "arn:aws:autoscaling:us-east-2:100949062396:autoScalingGroup:3d6d2acd-d3ed-44a0-912b-be7af00f1e48:autoScalingGroupName/eks-cluster-worker-group2020030306585662960000000c",
            "availability_zones": [
              "us-east-2a",
              "us-east-2b",
              "us-east-2c"
            ],
            "default_cooldown": 300,
            "desired_capacity": 3,
            "enabled_metrics": [],
            "force_delete": false,
            "health_check_grace_period": 300,
            "health_check_type": "EC2",
            "id": "eks-cluster-worker-group2020030306585662960000000c",
            "initial_lifecycle_hook": [],
            "launch_configuration": "eks-cluster-worker-group2020030306585149470000000b",
            "launch_template": [],
            "load_balancers": [],
            "max_instance_lifetime": 0,
            "max_size": 4,
            "metrics_granularity": "1Minute",
            "min_elb_capacity": null,
            "min_size": 1,
            "mixed_instances_policy": [],
            "name": "eks-cluster-worker-group2020030306585662960000000c",
            "name_prefix": "eks-cluster-worker-group",
            "placement_group": "",
            "protect_from_scale_in": false,
            "service_linked_role_arn": "arn:aws:iam::100949062396:role/aws-service-role/autoscaling.amazonaws.com/AWSServiceRoleForAutoScaling",
            "suspended_processes": [
              "AZRebalance"
            ],
            "tag": [],
            "tags": [
              {
                "key": "Name",
                "propagate_at_launch": "true",
                "value": "eks-cluster-worker-group-eks_asg"
              },
              {
                "key": "kubernetes.io/cluster/eks-cluster",
                "propagate_at_launch": "true",
                "value": "owned"
              },
              {
                "key": "k8s.io/cluster/eks-cluster",
                "propagate_at_launch": "true",
                "value": "owned"
              },
              {
                "key": "environment",
                "propagate_at_launch": "true",
                "value": "dev-env"
              },
              {
                "key": "worker-group-tag",
                "propagate_at_launch": "true",
                "value": "worker-group-1"
              }
            ],
            "target_group_arns": [],
            "termination_policies": [],
            "timeouts": null,
            "vpc_zone_identifier": [
              "subnet-5b98b421",
              "subnet-5d950211",
              "subnet-ed679186"
            ],
            "wait_for_capacity_timeout": "10m",
            "wait_for_elb_capacity": null
          },
          "private": "eyJlMmJmYjczMC1lY2FhLTExZTYtOGY4OC0zNDM2M2JjN2M0YzAiOnsiZGVsZXRlIjo2MDAwMDAwMDAwMDB9fQ==",
          "dependencies": [
            "module.eks-cluster.aws_cloudwatch_log_group.this",
            "module.eks-cluster.aws_eks_cluster.this",
            "module.eks-cluster.aws_iam_instance_profile.workers",
            "module.eks-cluster.aws_iam_role.cluster",
            "module.eks-cluster.aws_iam_role.workers",
            "module.eks-cluster.aws_iam_role_policy_attachment.cluster_AmazonEKSClusterPolicy",
            "module.eks-cluster.aws_iam_role_policy_attachment.cluster_AmazonEKSServicePolicy",
            "module.eks-cluster.aws_launch_configuration.workers",
            "module.eks-cluster.aws_security_group.cluster",
            "module.eks-cluster.aws_security_group.workers",
            "module.eks-cluster.random_pet.workers"
          ]
        }
      ]
    },
    {
      "module": "module.eks-cluster",
      "mode": "managed",
      "type": "aws_autoscaling_group",
      "name": "workers_launch_template",
      "each": "list",
      "provider": "provider.aws",
      "instances": []
    },
    {
      "module": "module.eks-cluster",
      "mode": "managed",
      "type": "aws_cloudwatch_log_group",
      "name": "this",
      "each": "list",
      "provider": "provider.aws",
      "instances": []
    },
    {
      "module": "module.eks-cluster",
      "mode": "managed",
      "type": "aws_eks_cluster",
      "name": "this",
      "each": "list",
      "provider": "provider.aws",
      "instances": [
        {
          "index_key": 0,
          "schema_version": 0,
          "attributes": {
            "arn": "arn:aws:eks:us-east-2:100949062396:cluster/eks-cluster",
            "certificate_authority": [
              {
                "data": "LS0tLS1CRUdJTiBDRVJUSUZJQ0FURS0tLS0tCk1JSUN5RENDQWJDZ0F3SUJBZ0lCQURBTkJna3Foa2lHOXcwQkFRc0ZBREFWTVJNd0VRWURWUVFERXdwcmRXSmwKY201bGRHVnpNQjRYRFRJd01ETXdNekEyTlRVeE0xb1hEVE13TURNd01UQTJOVFV4TTFvd0ZURVRNQkVHQTFVRQpBeE1LYTNWaVpYSnVaWFJsY3pDQ0FTSXdEUVlKS29aSWh2Y05BUUVCQlFBRGdnRVBBRENDQVFvQ2dnRUJBTGk0ClpqWU00Z0lGVGVURGRlRllMMEJjbFQwT05jeHRuT3pNaHJSL2xKSUtIMVQrTE1oRUphUlFvYXpjWnhOb1dyVlUKcFArdjBlNU9nVkpLQVBjb0hHcHcvbXpmQ0lyeTU2aDczalE2VVR2WFBGdkRpZTlKNU1nMXZWcWQrRll3dDNLcgpQcW16MEtxemx5SkRHMHpDNU8vTTVpZ2Z0UXNyMlN1NXA3YVlpZldpUmcveVpJVVFkL1pya1ZOMkYrUFZMcy90Cm5Uc2k4NElYNjRIMUgrUnFOZWRMZG96ZzdxOUN5aGc1UzNUZnNwaGlFMU54K2RvOGFvalF4d3ovNmQ4SWFtNGEKeFNhalZuSFV4MERnMnRWZzR4a3RJT3hwNTlHTnNaOHovc3lyanNOYmhkZ041em10UjRBeUpyR0c1cjFwVDhsMgp4akZzMmdRcG9DMEtYTzdhS3NrQ0F3RUFBYU1qTUNFd0RnWURWUjBQQVFIL0JBUURBZ0trTUE4R0ExVWRFd0VCCi93UUZNQU1CQWY4d0RRWUpLb1pJaHZjTkFRRUxCUUFEZ2dFQkFITm1mQXA4cTErdXljek9vNUVzKzZUTUhqRGwKeUhCQ0JZbVhrdEUxNVNlNXRSRDdxT1pCd3RwY3BVaUtIK3pPZ0NOdFdRY291U3JtenA5NU5RV1hMODZvUVhLKwpJSGp6OG04TUVuaEdlV0ovZ2xzY0kybVdQV0dNc1pody83cEVPNmhPNE5sWVE3Y0hrTU1Ha1JrQVZwb1FrQWVOCjFRZDA3Zlg4aGtiODlnVlhKZ0tVMUpEMUlON3ZuYWlLSUk5ZHVkL0kwSjNVenA2R2tlMTlEN2ZHYitWUklnWnkKckVRUlBRZGs2NGdwMmpNNWVxclFiaklwcjVkTjdqVUZ3S3hHamRZUk5sbDltQzdHZTgyOWF1U29mR1FzNk9UQQpManNmbTlGZmJiSk1pTTl3WnJrdndDNUtKdmoxNGN3dXBYVFhrZnhDa0MyZzFUM0hud0lNbStFMFVsUT0KLS0tLS1FTkQgQ0VSVElGSUNBVEUtLS0tLQo="
              }
            ],
            "created_at": "2020-03-03 06:47:23 +0000 UTC",
            "enabled_cluster_log_types": [],
            "endpoint": "https://4C615737C0ED79F1835BFD7710DA397A.yl4.us-east-2.eks.amazonaws.com",
            "id": "eks-cluster",
            "identity": [
              {
                "oidc": [
                  {
                    "issuer": "https://oidc.eks.us-east-2.amazonaws.com/id/4C615737C0ED79F1835BFD7710DA397A"
                  }
                ]
              }
            ],
            "name": "eks-cluster",
            "platform_version": "eks.9",
            "role_arn": "arn:aws:iam::100949062396:role/eks-cluster20200303064654403200000002",
            "status": "ACTIVE",
            "tags": {
              "environment": "dev-env"
            },
            "timeouts": {
              "create": "30m",
              "delete": "15m",
              "update": null
            },
            "version": "1.14",
            "vpc_config": [
              {
                "cluster_security_group_id": "sg-0cfb9a7b711885553",
                "endpoint_private_access": false,
                "endpoint_public_access": true,
                "public_access_cidrs": [
                  "0.0.0.0/0"
                ],
                "security_group_ids": [
                  "sg-01530a854addae6ef"
                ],
                "subnet_ids": [
                  "subnet-5b98b421",
                  "subnet-5d950211",
                  "subnet-ed679186"
                ],
                "vpc_id": "vpc-ba13ddd1"
              }
            ]
          },
          "private": "eyJlMmJmYjczMC1lY2FhLTExZTYtOGY4OC0zNDM2M2JjN2M0YzAiOnsiY3JlYXRlIjoxODAwMDAwMDAwMDAwLCJkZWxldGUiOjkwMDAwMDAwMDAwMCwidXBkYXRlIjozNjAwMDAwMDAwMDAwfX0=",
          "dependencies": [
            "module.eks-cluster.aws_cloudwatch_log_group.this",
            "module.eks-cluster.aws_iam_role.cluster",
            "module.eks-cluster.aws_iam_role_policy_attachment.cluster_AmazonEKSClusterPolicy",
            "module.eks-cluster.aws_iam_role_policy_attachment.cluster_AmazonEKSServicePolicy",
            "module.eks-cluster.aws_security_group.cluster"
          ]
        }
      ]
    },
    {
      "module": "module.eks-cluster.module.node_groups",
      "mode": "managed",
      "type": "aws_eks_node_group",
      "name": "workers",
      "each": "map",
      "provider": "provider.aws",
      "instances": []
    },
    {
      "module": "module.eks-cluster",
      "mode": "managed",
      "type": "aws_iam_instance_profile",
      "name": "workers",
      "each": "list",
      "provider": "provider.aws",
      "instances": [
        {
          "index_key": 0,
          "schema_version": 0,
          "attributes": {
            "arn": "arn:aws:iam::100949062396:instance-profile/eks-cluster20200303065841695300000007",
            "create_date": "2020-03-03T06:58:57Z",
            "id": "eks-cluster20200303065841695300000007",
            "name": "eks-cluster20200303065841695300000007",
            "name_prefix": "eks-cluster",
            "path": "/",
            "role": "eks-cluster20200303065838889400000005",
            "roles": [
              "eks-cluster20200303065838889400000005"
            ],
            "unique_id": "AIPARPAIIOL6H4NULYK3M"
          },
          "private": "bnVsbA==",
          "dependencies": [
            "module.eks-cluster.aws_cloudwatch_log_group.this",
            "module.eks-cluster.aws_eks_cluster.this",
            "module.eks-cluster.aws_iam_role.cluster",
            "module.eks-cluster.aws_iam_role.workers",
            "module.eks-cluster.aws_iam_role_policy_attachment.cluster_AmazonEKSClusterPolicy",
            "module.eks-cluster.aws_iam_role_policy_attachment.cluster_AmazonEKSServicePolicy",
            "module.eks-cluster.aws_security_group.cluster"
          ]
        }
      ]
    },
    {
      "module": "module.eks-cluster",
      "mode": "managed",
      "type": "aws_iam_instance_profile",
      "name": "workers_launch_template",
      "each": "list",
      "provider": "provider.aws",
      "instances": []
    },
    {
      "module": "module.eks-cluster",
      "mode": "managed",
      "type": "aws_iam_openid_connect_provider",
      "name": "oidc_provider",
      "each": "list",
      "provider": "provider.aws",
      "instances": []
    },
    {
      "module": "module.eks-cluster",
      "mode": "managed",
      "type": "aws_iam_role",
      "name": "cluster",
      "each": "list",
      "provider": "provider.aws",
      "instances": [
        {
          "index_key": 0,
          "schema_version": 0,
          "attributes": {
            "arn": "arn:aws:iam::100949062396:role/eks-cluster20200303064654403200000002",
            "assume_role_policy": "{\"Version\":\"2012-10-17\",\"Statement\":[{\"Sid\":\"EKSClusterAssumeRole\",\"Effect\":\"Allow\",\"Principal\":{\"Service\":\"eks.amazonaws.com\"},\"Action\":\"sts:AssumeRole\"}]}",
            "create_date": "2020-03-03T06:47:10Z",
            "description": "",
            "force_detach_policies": true,
            "id": "eks-cluster20200303064654403200000002",
            "max_session_duration": 3600,
            "name": "eks-cluster20200303064654403200000002",
            "name_prefix": "eks-cluster",
            "path": "/",
            "permissions_boundary": null,
            "tags": {
              "environment": "dev-env"
            },
            "unique_id": "AROARPAIIOL6JPECXD6SP"
          },
          "private": "bnVsbA=="
        }
      ]
    },
    {
      "module": "module.eks-cluster",
      "mode": "managed",
      "type": "aws_iam_role",
      "name": "workers",
      "each": "list",
      "provider": "provider.aws",
      "instances": [
        {
          "index_key": 0,
          "schema_version": 0,
          "attributes": {
            "arn": "arn:aws:iam::100949062396:role/eks-cluster20200303065838889400000005",
            "assume_role_policy": "{\"Version\":\"2012-10-17\",\"Statement\":[{\"Sid\":\"EKSWorkerAssumeRole\",\"Effect\":\"Allow\",\"Principal\":{\"Service\":\"ec2.amazonaws.com\"},\"Action\":\"sts:AssumeRole\"}]}",
            "create_date": "2020-03-03T06:58:54Z",
            "description": "",
            "force_detach_policies": true,
            "id": "eks-cluster20200303065838889400000005",
            "max_session_duration": 3600,
            "name": "eks-cluster20200303065838889400000005",
            "name_prefix": "eks-cluster",
            "path": "/",
            "permissions_boundary": null,
            "tags": {
              "environment": "dev-env"
            },
            "unique_id": "AROARPAIIOL6ASCHIJXRZ"
          },
          "private": "bnVsbA==",
          "dependencies": [
            "module.eks-cluster.aws_cloudwatch_log_group.this",
            "module.eks-cluster.aws_eks_cluster.this",
            "module.eks-cluster.aws_iam_role.cluster",
            "module.eks-cluster.aws_iam_role_policy_attachment.cluster_AmazonEKSClusterPolicy",
            "module.eks-cluster.aws_iam_role_policy_attachment.cluster_AmazonEKSServicePolicy",
            "module.eks-cluster.aws_security_group.cluster"
          ]
        }
      ]
    },
    {
      "module": "module.eks-cluster",
      "mode": "managed",
      "type": "aws_iam_role_policy_attachment",
      "name": "cluster_AmazonEKSClusterPolicy",
      "each": "list",
      "provider": "provider.aws",
      "instances": [
        {
          "index_key": 0,
          "schema_version": 0,
          "attributes": {
            "id": "eks-cluster20200303064654403200000002-20200303064658789700000004",
            "policy_arn": "arn:aws:iam::aws:policy/AmazonEKSClusterPolicy",
            "role": "eks-cluster20200303064654403200000002"
          },
          "private": "bnVsbA==",
          "dependencies": [
            "module.eks-cluster.aws_iam_role.cluster"
          ]
        }
      ]
    },
    {
      "module": "module.eks-cluster",
      "mode": "managed",
      "type": "aws_iam_role_policy_attachment",
      "name": "cluster_AmazonEKSServicePolicy",
      "each": "list",
      "provider": "provider.aws",
      "instances": [
        {
          "index_key": 0,
          "schema_version": 0,
          "attributes": {
            "id": "eks-cluster20200303064654403200000002-20200303064658774200000003",
            "policy_arn": "arn:aws:iam::aws:policy/AmazonEKSServicePolicy",
            "role": "eks-cluster20200303064654403200000002"
          },
          "private": "bnVsbA==",
          "dependencies": [
            "module.eks-cluster.aws_iam_role.cluster"
          ]
        }
      ]
    },
    {
      "module": "module.eks-cluster",
      "mode": "managed",
      "type": "aws_iam_role_policy_attachment",
      "name": "workers_AmazonEC2ContainerRegistryReadOnly",
      "each": "list",
      "provider": "provider.aws",
      "instances": [
        {
          "index_key": 0,
          "schema_version": 0,
          "attributes": {
            "id": "eks-cluster20200303065838889400000005-20200303065843180400000008",
            "policy_arn": "arn:aws:iam::aws:policy/AmazonEC2ContainerRegistryReadOnly",
            "role": "eks-cluster20200303065838889400000005"
          },
          "private": "bnVsbA==",
          "dependencies": [
            "module.eks-cluster.aws_cloudwatch_log_group.this",
            "module.eks-cluster.aws_eks_cluster.this",
            "module.eks-cluster.aws_iam_role.cluster",
            "module.eks-cluster.aws_iam_role.workers",
            "module.eks-cluster.aws_iam_role_policy_attachment.cluster_AmazonEKSClusterPolicy",
            "module.eks-cluster.aws_iam_role_policy_attachment.cluster_AmazonEKSServicePolicy",
            "module.eks-cluster.aws_security_group.cluster"
          ]
        }
      ]
    },
    {
      "module": "module.eks-cluster",
      "mode": "managed",
      "type": "aws_iam_role_policy_attachment",
      "name": "workers_AmazonEKSWorkerNodePolicy",
      "each": "list",
      "provider": "provider.aws",
      "instances": [
        {
          "index_key": 0,
          "schema_version": 0,
          "attributes": {
            "id": "eks-cluster20200303065838889400000005-20200303065843192100000009",
            "policy_arn": "arn:aws:iam::aws:policy/AmazonEKSWorkerNodePolicy",
            "role": "eks-cluster20200303065838889400000005"
          },
          "private": "bnVsbA==",
          "dependencies": [
            "module.eks-cluster.aws_cloudwatch_log_group.this",
            "module.eks-cluster.aws_eks_cluster.this",
            "module.eks-cluster.aws_iam_role.cluster",
            "module.eks-cluster.aws_iam_role.workers",
            "module.eks-cluster.aws_iam_role_policy_attachment.cluster_AmazonEKSClusterPolicy",
            "module.eks-cluster.aws_iam_role_policy_attachment.cluster_AmazonEKSServicePolicy",
            "module.eks-cluster.aws_security_group.cluster"
          ]
        }
      ]
    },
    {
      "module": "module.eks-cluster",
      "mode": "managed",
      "type": "aws_iam_role_policy_attachment",
      "name": "workers_AmazonEKS_CNI_Policy",
      "each": "list",
      "provider": "provider.aws",
      "instances": [
        {
          "index_key": 0,
          "schema_version": 0,
          "attributes": {
            "id": "eks-cluster20200303065838889400000005-2020030306584321860000000a",
            "policy_arn": "arn:aws:iam::aws:policy/AmazonEKS_CNI_Policy",
            "role": "eks-cluster20200303065838889400000005"
          },
          "private": "bnVsbA==",
          "dependencies": [
            "module.eks-cluster.aws_cloudwatch_log_group.this",
            "module.eks-cluster.aws_eks_cluster.this",
            "module.eks-cluster.aws_iam_role.cluster",
            "module.eks-cluster.aws_iam_role.workers",
            "module.eks-cluster.aws_iam_role_policy_attachment.cluster_AmazonEKSClusterPolicy",
            "module.eks-cluster.aws_iam_role_policy_attachment.cluster_AmazonEKSServicePolicy",
            "module.eks-cluster.aws_security_group.cluster"
          ]
        }
      ]
    },
    {
      "module": "module.eks-cluster",
      "mode": "managed",
      "type": "aws_iam_role_policy_attachment",
      "name": "workers_additional_policies",
      "each": "list",
      "provider": "provider.aws",
      "instances": []
    },
    {
      "module": "module.eks-cluster",
      "mode": "managed",
      "type": "aws_launch_configuration",
      "name": "workers",
      "each": "list",
      "provider": "provider.aws",
      "instances": [
        {
          "index_key": 0,
          "schema_version": 0,
          "attributes": {
            "arn": "arn:aws:autoscaling:us-east-2:100949062396:launchConfiguration:bd1a1381-4c36-4b3d-9f43-420af6922eba:launchConfigurationName/eks-cluster-worker-group2020030306585149470000000b",
            "associate_public_ip_address": false,
            "ebs_block_device": [],
            "ebs_optimized": true,
            "enable_monitoring": true,
            "ephemeral_block_device": [],
            "iam_instance_profile": "eks-cluster20200303065841695300000007",
            "id": "eks-cluster-worker-group2020030306585149470000000b",
            "image_id": "ami-074f0e3f73e526e8c",
            "instance_type": "m4.large",
            "key_name": "",
            "name": "eks-cluster-worker-group2020030306585149470000000b",
            "name_prefix": "eks-cluster-worker-group",
            "placement_tenancy": "",
            "root_block_device": [
              {
                "delete_on_termination": true,
                "encrypted": false,
                "iops": 0,
                "volume_size": 100,
                "volume_type": "gp2"
              }
            ],
            "security_groups": [
              "sg-0c8e318292ec6a2d1"
            ],
            "spot_price": "0.20",
            "user_data": null,
            "user_data_base64": "IyEvYmluL2Jhc2ggLXhlCgojIEFsbG93IHVzZXIgc3VwcGxpZWQgcHJlIHVzZXJkYXRhIGNvZGUKCgojIEJvb3RzdHJhcCBhbmQgam9pbiB0aGUgY2x1c3RlcgovZXRjL2Vrcy9ib290c3RyYXAuc2ggLS1iNjQtY2x1c3Rlci1jYSAnTFMwdExTMUNSVWRKVGlCRFJWSlVTVVpKUTBGVVJTMHRMUzB0Q2sxSlNVTjVSRU5EUVdKRFowRjNTVUpCWjBsQ1FVUkJUa0puYTNGb2EybEhPWGN3UWtGUmMwWkJSRUZXVFZKTmQwVlJXVVJXVVZGRVJYZHdjbVJYU213S1kyMDFiR1JIVm5wTlFqUllSRlJKZDAxRVRYZE5la0V5VGxSVmVFMHhiMWhFVkUxM1RVUk5kMDFVUVRKT1ZGVjRUVEZ2ZDBaVVJWUk5Ra1ZIUVRGVlJRcEJlRTFMWVROV2FWcFlTblZhV0ZKc1kzcERRMEZUU1hkRVVWbEtTMjlhU1doMlkwNUJVVVZDUWxGQlJHZG5SVkJCUkVORFFWRnZRMmRuUlVKQlRHazBDbHBxV1UwMFowbEdWR1ZVUkdSbFJsbE1NRUpqYkZRd1QwNWplSFJ1VDNwTmFISlNMMnhLU1V0SU1WUXJURTFvUlVwaFVsRnZZWHBqV25oT2IxZHlWbFVLY0ZBcmRqQmxOVTluVmtwTFFWQmpiMGhIY0hjdmJYcG1RMGx5ZVRVMmFEY3phbEUyVlZSMldGQkdka1JwWlRsS05VMW5NWFpXY1dRclJsbDNkRE5MY2dwUWNXMTZNRXR4ZW14NVNrUkhNSHBETlU4dlRUVnBaMlowVVhOeU1sTjFOWEEzWVZscFpsZHBVbWN2ZVZwSlZWRmtMMXB5YTFaT01rWXJVRlpNY3k5MENtNVVjMms0TkVsWU5qUklNVWdyVW5GT1pXUk1aRzk2WnpkeE9VTjVhR2MxVXpOVVpuTndhR2xGTVU1NEsyUnZPR0Z2YWxGNGQzb3ZObVE0U1dGdE5HRUtlRk5oYWxadVNGVjRNRVJuTW5SV1p6UjRhM1JKVDNod05UbEhUbk5hT0hvdmMzbHlhbk5PWW1oa1owNDFlbTEwVWpSQmVVcHlSMGMxY2pGd1ZEaHNNZ3A0YWtaek1tZFJjRzlETUV0WVR6ZGhTM05yUTBGM1JVRkJZVTFxVFVORmQwUm5XVVJXVWpCUVFWRklMMEpCVVVSQlowdHJUVUU0UjBFeFZXUkZkMFZDQ2k5M1VVWk5RVTFDUVdZNGQwUlJXVXBMYjFwSmFIWmpUa0ZSUlV4Q1VVRkVaMmRGUWtGSVRtMW1RWEE0Y1RFcmRYbGplazl2TlVWekt6WlVUVWhxUkd3S2VVaENRMEpaYlZocmRFVXhOVk5sTlhSU1JEZHhUMXBDZDNSd1kzQlZhVXRJSzNwUFowTk9kRmRSWTI5MVUzSnRlbkE1TlU1UlYxaE1PRFp2VVZoTEt3cEpTR3A2T0cwNFRVVnVhRWRsVjBvdloyeHpZMGt5YlZkUVYwZE5jMXBvZHk4M2NFVlBObWhQTkU1c1dWRTNZMGhyVFUxSGExSnJRVlp3YjFGclFXVk9DakZSWkRBM1psZzRhR3RpT0RsblZsaEtaMHRWTVVwRU1VbE9OM1p1WVdsTFNVazVaSFZrTDBrd1NqTlZlbkEyUjJ0bE1UbEVOMlpIWWl0V1VrbG5XbmtLY2tWUlVsQlJaR3MyTkdkd01tcE5OV1Z4Y2xGaWFrbHdjalZrVGpkcVZVWjNTM2hIYW1SWlVrNXNiRGx0UXpkSFpUZ3lPV0YxVTI5bVIxRnpOazlVUVFwTWFuTm1iVGxHWm1KaVNrMXBUVGwzV25KcmRuZEROVXRLZG1veE5HTjNkWEJZVkZoclpuaERhME15WnpGVU0waHVkMGxOYlN0Rk1GVnNVVDBLTFMwdExTMUZUa1FnUTBWU1ZFbEdTVU5CVkVVdExTMHRMUW89JyAtLWFwaXNlcnZlci1lbmRwb2ludCAnaHR0cHM6Ly80QzYxNTczN0MwRUQ3OUYxODM1QkZENzcxMERBMzk3QS55bDQudXMtZWFzdC0yLmVrcy5hbWF6b25hd3MuY29tJyAgLS1rdWJlbGV0LWV4dHJhLWFyZ3MgIiIgJ2Vrcy1jbHVzdGVyJwoKIyBBbGxvdyB1c2VyIHN1cHBsaWVkIHVzZXJkYXRhIGNvZGUKUHVibGljIHdvcmtlciBncm91cCBjb25maWd1cmF0aW9ucwo=",
            "vpc_classic_link_id": "",
            "vpc_classic_link_security_groups": []
          },
          "private": "bnVsbA==",
          "dependencies": [
            "module.eks-cluster.aws_cloudwatch_log_group.this",
            "module.eks-cluster.aws_eks_cluster.this",
            "module.eks-cluster.aws_iam_instance_profile.workers",
            "module.eks-cluster.aws_iam_role.cluster",
            "module.eks-cluster.aws_iam_role.workers",
            "module.eks-cluster.aws_iam_role_policy_attachment.cluster_AmazonEKSClusterPolicy",
            "module.eks-cluster.aws_iam_role_policy_attachment.cluster_AmazonEKSServicePolicy",
            "module.eks-cluster.aws_security_group.cluster",
            "module.eks-cluster.aws_security_group.workers"
          ]
        }
      ]
    },
    {
      "module": "module.eks-cluster",
      "mode": "managed",
      "type": "aws_launch_template",
      "name": "workers_launch_template",
      "each": "list",
      "provider": "provider.aws",
      "instances": []
    },
    {
      "module": "module.eks-cluster",
      "mode": "managed",
      "type": "aws_security_group",
      "name": "cluster",
      "each": "list",
      "provider": "provider.aws",
      "instances": [
        {
          "index_key": 0,
          "schema_version": 1,
          "attributes": {
            "arn": "arn:aws:ec2:us-east-2:100949062396:security-group/sg-01530a854addae6ef",
            "description": "EKS cluster security group.",
            "egress": [
              {
                "cidr_blocks": [
                  "0.0.0.0/0"
                ],
                "description": "Allow cluster egress access to the Internet.",
                "from_port": 0,
                "ipv6_cidr_blocks": [],
                "prefix_list_ids": [],
                "protocol": "-1",
                "security_groups": [],
                "self": false,
                "to_port": 0
              }
            ],
            "id": "sg-01530a854addae6ef",
            "ingress": [
              {
                "cidr_blocks": [],
                "description": "Allow pods to communicate with the EKS cluster API.",
                "from_port": 443,
                "ipv6_cidr_blocks": [],
                "prefix_list_ids": [],
                "protocol": "tcp",
                "security_groups": [
                  "sg-0c8e318292ec6a2d1"
                ],
                "self": false,
                "to_port": 443
              }
            ],
            "name": "eks-cluster20200303064654402600000001",
            "name_prefix": "eks-cluster",
            "owner_id": "100949062396",
            "revoke_rules_on_delete": false,
            "tags": {
              "Name": "eks-cluster-eks_cluster_sg",
              "environment": "dev-env"
            },
            "timeouts": null,
            "vpc_id": "vpc-ba13ddd1"
          },
          "private": "eyJlMmJmYjczMC1lY2FhLTExZTYtOGY4OC0zNDM2M2JjN2M0YzAiOnsiY3JlYXRlIjo2MDAwMDAwMDAwMDAsImRlbGV0ZSI6NjAwMDAwMDAwMDAwfSwic2NoZW1hX3ZlcnNpb24iOiIxIn0="
        }
      ]
    },
    {
      "module": "module.eks-cluster",
      "mode": "managed",
      "type": "aws_security_group",
      "name": "workers",
      "each": "list",
      "provider": "provider.aws",
      "instances": [
        {
          "index_key": 0,
          "schema_version": 1,
          "attributes": {
            "arn": "arn:aws:ec2:us-east-2:100949062396:security-group/sg-0c8e318292ec6a2d1",
            "description": "Security group for all nodes in the cluster.",
            "egress": [
              {
                "cidr_blocks": [
                  "0.0.0.0/0"
                ],
                "description": "Allow nodes all egress to the Internet.",
                "from_port": 0,
                "ipv6_cidr_blocks": [],
                "prefix_list_ids": [],
                "protocol": "-1",
                "security_groups": [],
                "self": false,
                "to_port": 0
              }
            ],
            "id": "sg-0c8e318292ec6a2d1",
            "ingress": [
              {
                "cidr_blocks": [],
                "description": "Allow node to communicate with each other.",
                "from_port": 0,
                "ipv6_cidr_blocks": [],
                "prefix_list_ids": [],
                "protocol": "-1",
                "security_groups": [],
                "self": true,
                "to_port": 0
              },
              {
                "cidr_blocks": [],
                "description": "Allow pods running extension API servers on port 443 to receive communication from cluster control plane.",
                "from_port": 443,
                "ipv6_cidr_blocks": [],
                "prefix_list_ids": [],
                "protocol": "tcp",
                "security_groups": [
                  "sg-01530a854addae6ef"
                ],
                "self": false,
                "to_port": 443
              },
              {
                "cidr_blocks": [],
                "description": "Allow workers pods to receive communication from the cluster control plane.",
                "from_port": 1025,
                "ipv6_cidr_blocks": [],
                "prefix_list_ids": [],
                "protocol": "tcp",
                "security_groups": [
                  "sg-01530a854addae6ef"
                ],
                "self": false,
                "to_port": 65535
              }
            ],
            "name": "eks-cluster20200303065838933500000006",
            "name_prefix": "eks-cluster",
            "owner_id": "100949062396",
            "revoke_rules_on_delete": false,
            "tags": {
              "Name": "eks-cluster-eks_worker_sg",
              "environment": "dev-env",
              "kubernetes.io/cluster/eks-cluster": "owned"
            },
            "timeouts": null,
            "vpc_id": "vpc-ba13ddd1"
          },
          "private": "eyJlMmJmYjczMC1lY2FhLTExZTYtOGY4OC0zNDM2M2JjN2M0YzAiOnsiY3JlYXRlIjo2MDAwMDAwMDAwMDAsImRlbGV0ZSI6NjAwMDAwMDAwMDAwfSwic2NoZW1hX3ZlcnNpb24iOiIxIn0=",
          "dependencies": [
            "module.eks-cluster.aws_cloudwatch_log_group.this",
            "module.eks-cluster.aws_eks_cluster.this",
            "module.eks-cluster.aws_iam_role.cluster",
            "module.eks-cluster.aws_iam_role_policy_attachment.cluster_AmazonEKSClusterPolicy",
            "module.eks-cluster.aws_iam_role_policy_attachment.cluster_AmazonEKSServicePolicy",
            "module.eks-cluster.aws_security_group.cluster"
          ]
        }
      ]
    },
    {
      "module": "module.eks-cluster",
      "mode": "managed",
      "type": "aws_security_group_rule",
      "name": "cluster_egress_internet",
      "each": "list",
      "provider": "provider.aws",
      "instances": [
        {
          "index_key": 0,
          "schema_version": 2,
          "attributes": {
            "cidr_blocks": [
              "0.0.0.0/0"
            ],
            "description": "Allow cluster egress access to the Internet.",
            "from_port": 0,
            "id": "sgrule-2814933308",
            "ipv6_cidr_blocks": [],
            "prefix_list_ids": [],
            "protocol": "-1",
            "security_group_id": "sg-01530a854addae6ef",
            "self": false,
            "source_security_group_id": null,
            "to_port": 0,
            "type": "egress"
          },
          "private": "eyJzY2hlbWFfdmVyc2lvbiI6IjIifQ==",
          "dependencies": [
            "module.eks-cluster.aws_security_group.cluster"
          ]
        }
      ]
    },
    {
      "module": "module.eks-cluster",
      "mode": "managed",
      "type": "aws_security_group_rule",
      "name": "cluster_https_worker_ingress",
      "each": "list",
      "provider": "provider.aws",
      "instances": [
        {
          "index_key": 0,
          "schema_version": 2,
          "attributes": {
            "cidr_blocks": [],
            "description": "Allow pods to communicate with the EKS cluster API.",
            "from_port": 443,
            "id": "sgrule-309352707",
            "ipv6_cidr_blocks": [],
            "prefix_list_ids": [],
            "protocol": "tcp",
            "security_group_id": "sg-01530a854addae6ef",
            "self": false,
            "source_security_group_id": "sg-0c8e318292ec6a2d1",
            "to_port": 443,
            "type": "ingress"
          },
          "private": "eyJzY2hlbWFfdmVyc2lvbiI6IjIifQ==",
          "dependencies": [
            "module.eks-cluster.aws_cloudwatch_log_group.this",
            "module.eks-cluster.aws_eks_cluster.this",
            "module.eks-cluster.aws_iam_role.cluster",
            "module.eks-cluster.aws_iam_role_policy_attachment.cluster_AmazonEKSClusterPolicy",
            "module.eks-cluster.aws_iam_role_policy_attachment.cluster_AmazonEKSServicePolicy",
            "module.eks-cluster.aws_security_group.cluster",
            "module.eks-cluster.aws_security_group.workers"
          ]
        }
      ]
    },
    {
      "module": "module.eks-cluster",
      "mode": "managed",
      "type": "aws_security_group_rule",
      "name": "workers_egress_internet",
      "each": "list",
      "provider": "provider.aws",
      "instances": [
        {
          "index_key": 0,
          "schema_version": 2,
          "attributes": {
            "cidr_blocks": [
              "0.0.0.0/0"
            ],
            "description": "Allow nodes all egress to the Internet.",
            "from_port": 0,
            "id": "sgrule-1904425312",
            "ipv6_cidr_blocks": [],
            "prefix_list_ids": [],
            "protocol": "-1",
            "security_group_id": "sg-0c8e318292ec6a2d1",
            "self": false,
            "source_security_group_id": null,
            "to_port": 0,
            "type": "egress"
          },
          "private": "eyJzY2hlbWFfdmVyc2lvbiI6IjIifQ==",
          "dependencies": [
            "module.eks-cluster.aws_cloudwatch_log_group.this",
            "module.eks-cluster.aws_eks_cluster.this",
            "module.eks-cluster.aws_iam_role.cluster",
            "module.eks-cluster.aws_iam_role_policy_attachment.cluster_AmazonEKSClusterPolicy",
            "module.eks-cluster.aws_iam_role_policy_attachment.cluster_AmazonEKSServicePolicy",
            "module.eks-cluster.aws_security_group.cluster",
            "module.eks-cluster.aws_security_group.workers"
          ]
        }
      ]
    },
    {
      "module": "module.eks-cluster",
      "mode": "managed",
      "type": "aws_security_group_rule",
      "name": "workers_ingress_cluster",
      "each": "list",
      "provider": "provider.aws",
      "instances": [
        {
          "index_key": 0,
          "schema_version": 2,
          "attributes": {
            "cidr_blocks": [],
            "description": "Allow workers pods to receive communication from the cluster control plane.",
            "from_port": 1025,
            "id": "sgrule-2423361342",
            "ipv6_cidr_blocks": [],
            "prefix_list_ids": [],
            "protocol": "tcp",
            "security_group_id": "sg-0c8e318292ec6a2d1",
            "self": false,
            "source_security_group_id": "sg-01530a854addae6ef",
            "to_port": 65535,
            "type": "ingress"
          },
          "private": "eyJzY2hlbWFfdmVyc2lvbiI6IjIifQ==",
          "dependencies": [
            "module.eks-cluster.aws_cloudwatch_log_group.this",
            "module.eks-cluster.aws_eks_cluster.this",
            "module.eks-cluster.aws_iam_role.cluster",
            "module.eks-cluster.aws_iam_role_policy_attachment.cluster_AmazonEKSClusterPolicy",
            "module.eks-cluster.aws_iam_role_policy_attachment.cluster_AmazonEKSServicePolicy",
            "module.eks-cluster.aws_security_group.cluster",
            "module.eks-cluster.aws_security_group.workers"
          ]
        }
      ]
    },
    {
      "module": "module.eks-cluster",
      "mode": "managed",
      "type": "aws_security_group_rule",
      "name": "workers_ingress_cluster_https",
      "each": "list",
      "provider": "provider.aws",
      "instances": [
        {
          "index_key": 0,
          "schema_version": 2,
          "attributes": {
            "cidr_blocks": [],
            "description": "Allow pods running extension API servers on port 443 to receive communication from cluster control plane.",
            "from_port": 443,
            "id": "sgrule-3112238032",
            "ipv6_cidr_blocks": [],
            "prefix_list_ids": [],
            "protocol": "tcp",
            "security_group_id": "sg-0c8e318292ec6a2d1",
            "self": false,
            "source_security_group_id": "sg-01530a854addae6ef",
            "to_port": 443,
            "type": "ingress"
          },
          "private": "eyJzY2hlbWFfdmVyc2lvbiI6IjIifQ==",
          "dependencies": [
            "module.eks-cluster.aws_cloudwatch_log_group.this",
            "module.eks-cluster.aws_eks_cluster.this",
            "module.eks-cluster.aws_iam_role.cluster",
            "module.eks-cluster.aws_iam_role_policy_attachment.cluster_AmazonEKSClusterPolicy",
            "module.eks-cluster.aws_iam_role_policy_attachment.cluster_AmazonEKSServicePolicy",
            "module.eks-cluster.aws_security_group.cluster",
            "module.eks-cluster.aws_security_group.workers"
          ]
        }
      ]
    },
    {
      "module": "module.eks-cluster",
      "mode": "managed",
      "type": "aws_security_group_rule",
      "name": "workers_ingress_cluster_kubelet",
      "each": "list",
      "provider": "provider.aws",
      "instances": []
    },
    {
      "module": "module.eks-cluster",
      "mode": "managed",
      "type": "aws_security_group_rule",
      "name": "workers_ingress_self",
      "each": "list",
      "provider": "provider.aws",
      "instances": [
        {
          "index_key": 0,
          "schema_version": 2,
          "attributes": {
            "cidr_blocks": [],
            "description": "Allow node to communicate with each other.",
            "from_port": 0,
            "id": "sgrule-3926965986",
            "ipv6_cidr_blocks": [],
            "prefix_list_ids": [],
            "protocol": "-1",
            "security_group_id": "sg-0c8e318292ec6a2d1",
            "self": false,
            "source_security_group_id": "sg-0c8e318292ec6a2d1",
            "to_port": 0,
            "type": "ingress"
          },
          "private": "eyJzY2hlbWFfdmVyc2lvbiI6IjIifQ==",
          "dependencies": [
            "module.eks-cluster.aws_cloudwatch_log_group.this",
            "module.eks-cluster.aws_eks_cluster.this",
            "module.eks-cluster.aws_iam_role.cluster",
            "module.eks-cluster.aws_iam_role_policy_attachment.cluster_AmazonEKSClusterPolicy",
            "module.eks-cluster.aws_iam_role_policy_attachment.cluster_AmazonEKSServicePolicy",
            "module.eks-cluster.aws_security_group.cluster",
            "module.eks-cluster.aws_security_group.workers"
          ]
        }
      ]
    },
    {
      "module": "module.eks-cluster",
      "mode": "managed",
      "type": "kubernetes_config_map",
      "name": "aws_auth",
      "each": "list",
      "provider": "provider.kubernetes",
      "instances": [
        {
          "index_key": 0,
          "schema_version": 0,
          "attributes": {
            "binary_data": null,
            "data": {
              "mapAccounts": "[]\n",
              "mapRoles": "- rolearn: arn:aws:iam::100949062396:role/eks-cluster20200303065838889400000005\n  username: system:node:{{EC2PrivateDNSName}}\n  groups:\n    - system:bootstrappers\n    - system:nodes\n\n\n",
              "mapUsers": "- \"groups\":\n  - \"system:masters\"\n  \"userarn\": \"arn:aws:iam::100949062396:user/irtiza\"\n  \"username\": \"irtiza\"\n"
            },
            "id": "kube-system/aws-auth",
            "metadata": [
              {
                "annotations": null,
                "generate_name": "",
                "generation": 0,
                "labels": null,
                "name": "aws-auth",
                "namespace": "kube-system",
                "resource_version": "1547",
                "self_link": "/api/v1/namespaces/kube-system/configmaps/aws-auth",
                "uid": "1ea16c8a-5d1e-11ea-81b2-063cb41afdc2"
              }
            ]
          },
          "private": "bnVsbA==",
          "dependencies": [
            "module.eks-cluster.aws_iam_role.workers",
            "module.eks-cluster.null_resource.wait_for_cluster"
          ]
        }
      ]
    },
    {
      "module": "module.eks-cluster",
      "mode": "managed",
      "type": "local_file",
      "name": "kubeconfig",
      "each": "list",
      "provider": "provider.local",
      "instances": [
        {
          "index_key": 0,
          "schema_version": 0,
          "attributes": {
            "content": "apiVersion: v1\npreferences: {}\nkind: Config\n\nclusters:\n- cluster:\n    server: https://4C615737C0ED79F1835BFD7710DA397A.yl4.us-east-2.eks.amazonaws.com\n    certificate-authority-data: LS0tLS1CRUdJTiBDRVJUSUZJQ0FURS0tLS0tCk1JSUN5RENDQWJDZ0F3SUJBZ0lCQURBTkJna3Foa2lHOXcwQkFRc0ZBREFWTVJNd0VRWURWUVFERXdwcmRXSmwKY201bGRHVnpNQjRYRFRJd01ETXdNekEyTlRVeE0xb1hEVE13TURNd01UQTJOVFV4TTFvd0ZURVRNQkVHQTFVRQpBeE1LYTNWaVpYSnVaWFJsY3pDQ0FTSXdEUVlKS29aSWh2Y05BUUVCQlFBRGdnRVBBRENDQVFvQ2dnRUJBTGk0ClpqWU00Z0lGVGVURGRlRllMMEJjbFQwT05jeHRuT3pNaHJSL2xKSUtIMVQrTE1oRUphUlFvYXpjWnhOb1dyVlUKcFArdjBlNU9nVkpLQVBjb0hHcHcvbXpmQ0lyeTU2aDczalE2VVR2WFBGdkRpZTlKNU1nMXZWcWQrRll3dDNLcgpQcW16MEtxemx5SkRHMHpDNU8vTTVpZ2Z0UXNyMlN1NXA3YVlpZldpUmcveVpJVVFkL1pya1ZOMkYrUFZMcy90Cm5Uc2k4NElYNjRIMUgrUnFOZWRMZG96ZzdxOUN5aGc1UzNUZnNwaGlFMU54K2RvOGFvalF4d3ovNmQ4SWFtNGEKeFNhalZuSFV4MERnMnRWZzR4a3RJT3hwNTlHTnNaOHovc3lyanNOYmhkZ041em10UjRBeUpyR0c1cjFwVDhsMgp4akZzMmdRcG9DMEtYTzdhS3NrQ0F3RUFBYU1qTUNFd0RnWURWUjBQQVFIL0JBUURBZ0trTUE4R0ExVWRFd0VCCi93UUZNQU1CQWY4d0RRWUpLb1pJaHZjTkFRRUxCUUFEZ2dFQkFITm1mQXA4cTErdXljek9vNUVzKzZUTUhqRGwKeUhCQ0JZbVhrdEUxNVNlNXRSRDdxT1pCd3RwY3BVaUtIK3pPZ0NOdFdRY291U3JtenA5NU5RV1hMODZvUVhLKwpJSGp6OG04TUVuaEdlV0ovZ2xzY0kybVdQV0dNc1pody83cEVPNmhPNE5sWVE3Y0hrTU1Ha1JrQVZwb1FrQWVOCjFRZDA3Zlg4aGtiODlnVlhKZ0tVMUpEMUlON3ZuYWlLSUk5ZHVkL0kwSjNVenA2R2tlMTlEN2ZHYitWUklnWnkKckVRUlBRZGs2NGdwMmpNNWVxclFiaklwcjVkTjdqVUZ3S3hHamRZUk5sbDltQzdHZTgyOWF1U29mR1FzNk9UQQpManNmbTlGZmJiSk1pTTl3WnJrdndDNUtKdmoxNGN3dXBYVFhrZnhDa0MyZzFUM0hud0lNbStFMFVsUT0KLS0tLS1FTkQgQ0VSVElGSUNBVEUtLS0tLQo=\n  name: eks_eks-cluster\n\ncontexts:\n- context:\n    cluster: eks_eks-cluster\n    user: eks_eks-cluster\n  name: eks_eks-cluster\n\ncurrent-context: eks_eks-cluster\n\nusers:\n- name: eks_eks-cluster\n  user:\n    exec:\n      apiVersion: client.authentication.k8s.io/v1alpha1\n      command: aws-iam-authenticator\n      args:\n        - \"token\"\n        - \"-i\"\n        - \"eks-cluster\"\n\n\n",
            "content_base64": null,
            "directory_permission": "0777",
            "file_permission": "0777",
            "filename": "./kubeconfig_eks-cluster",
            "id": "8ce64f0b137f223d48aefe163fdd6b60066dc7a9",
            "sensitive_content": null
          },
          "private": "bnVsbA==",
          "dependencies": [
            "module.eks-cluster.aws_cloudwatch_log_group.this",
            "module.eks-cluster.aws_eks_cluster.this",
            "module.eks-cluster.aws_iam_role.cluster",
            "module.eks-cluster.aws_iam_role_policy_attachment.cluster_AmazonEKSClusterPolicy",
            "module.eks-cluster.aws_iam_role_policy_attachment.cluster_AmazonEKSServicePolicy",
            "module.eks-cluster.aws_security_group.cluster"
          ]
        }
      ]
    },
    {
      "module": "module.eks-cluster",
      "mode": "managed",
      "type": "null_resource",
      "name": "wait_for_cluster",
      "each": "list",
      "provider": "provider.null",
      "instances": [
        {
          "index_key": 0,
          "schema_version": 0,
          "attributes": {
            "id": "6174455792633825781",
            "triggers": null
          },
          "dependencies": [
            "module.eks-cluster.aws_cloudwatch_log_group.this",
            "module.eks-cluster.aws_eks_cluster.this",
            "module.eks-cluster.aws_iam_role.cluster",
            "module.eks-cluster.aws_iam_role_policy_attachment.cluster_AmazonEKSClusterPolicy",
            "module.eks-cluster.aws_iam_role_policy_attachment.cluster_AmazonEKSServicePolicy",
            "module.eks-cluster.aws_security_group.cluster"
          ]
        }
      ]
    },
    {
      "module": "module.eks-cluster.module.node_groups",
      "mode": "managed",
      "type": "random_pet",
      "name": "node_groups",
      "each": "map",
      "provider": "provider.random",
      "instances": []
    },
    {
      "module": "module.eks-cluster",
      "mode": "managed",
      "type": "random_pet",
      "name": "workers",
      "each": "list",
      "provider": "provider.random",
      "instances": [
        {
          "index_key": 0,
          "schema_version": 0,
          "attributes": {
            "id": "helping-wallaby",
            "keepers": {
              "lc_name": "eks-cluster-worker-group2020030306585149470000000b"
            },
            "length": 2,
            "prefix": null,
            "separator": "-"
          },
          "private": "bnVsbA==",
          "dependencies": [
            "module.eks-cluster.aws_cloudwatch_log_group.this",
            "module.eks-cluster.aws_eks_cluster.this",
            "module.eks-cluster.aws_iam_instance_profile.workers",
            "module.eks-cluster.aws_iam_role.cluster",
            "module.eks-cluster.aws_iam_role.workers",
            "module.eks-cluster.aws_iam_role_policy_attachment.cluster_AmazonEKSClusterPolicy",
            "module.eks-cluster.aws_iam_role_policy_attachment.cluster_AmazonEKSServicePolicy",
            "module.eks-cluster.aws_launch_configuration.workers",
            "module.eks-cluster.aws_security_group.cluster",
            "module.eks-cluster.aws_security_group.workers"
          ]
        }
      ]
    },
    {
      "module": "module.eks-cluster",
      "mode": "managed",
      "type": "random_pet",
      "name": "workers_launch_template",
      "each": "list",
      "provider": "provider.random",
      "instances": []
    }
  ]
}
